/nfs/jbailey5/baileyweb/gtollefs/mips_to_nanopore_gt/240215_MtoN_P2/output/dorado_output/demuxed_fastq
/nfs/jbailey5/baileyweb/gtollefs/mips_to_nanopore_gt/240215_MtoN_P2/output/dorado_output/basecalls.fastq
/nfs/jbailey5/baileyweb/bailey_share/bin/elucidator_23-07-19.sif
/nfs/jbailey5/baileyweb/asimkin/mips_to_nanopore/toy_dataset
